
Microsoft Visual Studio Solution File, Format Version 12.00
# Visual Studio Version 16
VisualStudioVersion = 16.0.32126.315
MinimumVisualStudioVersion = 10.0.40219.1
Project("{FAE04EC0-301F-11D3-BF4B-00C04F79EFBC}") = "OfficeManagement", "OfficeManagement\OfficeManagement.csproj", "{662C55C7-510D-4BC1-9293-309C5B2FEFDF}"
EndProject
Global
	GlobalSection(SolutionConfigurationPlatforms) = preSolution
		Debug|Any CPU = Debug|Any CPU
		Release|Any CPU = Release|Any CPU
	EndGlobalSection
	GlobalSection(ProjectConfigurationPlatforms) = postSolution
		{662C55C7-510D-4BC1-9293-309C5B2FEFDF}.Debug|Any CPU.ActiveCfg = Debug|Any CPU
		{662C55C7-510D-4BC1-9293-309C5B2FEFDF}.Debug|Any CPU.Build.0 = Debug|Any CPU
		{662C55C7-510D-4BC1-9293-309C5B2FEFDF}.Release|Any CPU.ActiveCfg = Release|Any CPU
		{662C55C7-510D-4BC1-9293-309C5B2FEFDF}.Release|Any CPU.Build.0 = Release|Any CPU
	EndGlobalSection
	GlobalSection(SolutionProperties) = preSolution
		HideSolutionNode = FALSE
	EndGlobalSection
	GlobalSection(ExtensibilityGlobals) = postSolution
		SolutionGuid = {6B95B3B7-F4DF-43A1-94DE-D08A44E91497}
	EndGlobalSection
EndGlobal
